
Microsoft Visual Studio Solution File, Format Version 12.00
# Visual Studio Version 16
VisualStudioVersion = 16.0.30711.63
MinimumVisualStudioVersion = 10.0.40219.1
Project("{FAE04EC0-301F-11D3-BF4B-00C04F79EFBC}") = "CodeHelloWorldXaml", "CodeHelloWorldXaml\CodeHelloWorldXaml.csproj", "{FF4C5C38-49EF-4BB2-8FDB-D718611BCA01}"
EndProject
Global
	GlobalSection(SolutionConfigurationPlatforms) = preSolution
		Debug|Any CPU = Debug|Any CPU
		Release|Any CPU = Release|Any CPU
	EndGlobalSection
	GlobalSection(ProjectConfigurationPlatforms) = postSolution
		{FF4C5C38-49EF-4BB2-8FDB-D718611BCA01}.Debug|Any CPU.ActiveCfg = Debug|Any CPU
		{FF4C5C38-49EF-4BB2-8FDB-D718611BCA01}.Debug|Any CPU.Build.0 = Debug|Any CPU
		{FF4C5C38-49EF-4BB2-8FDB-D718611BCA01}.Release|Any CPU.ActiveCfg = Release|Any CPU
		{FF4C5C38-49EF-4BB2-8FDB-D718611BCA01}.Release|Any CPU.Build.0 = Release|Any CPU
	EndGlobalSection
	GlobalSection(SolutionProperties) = preSolution
		HideSolutionNode = FALSE
	EndGlobalSection
	GlobalSection(ExtensibilityGlobals) = postSolution
		SolutionGuid = {272FBF78-CC1D-4CFF-8E75-1C15095B83B3}
	EndGlobalSection
EndGlobal
